# This file was autogenerated by Stack.
# You should not edit this file by hand.
# For more information, please see the documentation at:
#   https://docs.haskellstack.org/en/stable/lock_files

packages:
- completed:
    size: 7726
    url: https://github.com/feuerbach/tasty-expected-failure/archive/213636ed31a38ea3014fe8dac7561efe7939e306.tar.gz
    name: tasty-expected-failure
    version: '0.12'
    sha256: 327e14f8521d05c08fefb12ebec0c6e811f930674408c00d854fbd73f506b1b6
    pantry-tree:
      size: 522
      sha256: c70ab4ad261c66d1baa208e92450b5925e656cb1b8e3dc7e47db524762d2bf52
  original:
    url: https://github.com/feuerbach/tasty-expected-failure/archive/213636ed31a38ea3014fe8dac7561efe7939e306.tar.gz
- completed:
    size: 145067
    url: https://github.com/feuerbach/vector/archive/5f56cef682455299fad398da520822eb3176ef74.tar.gz
    name: vector
    version: 0.13.0.1
    sha256: a395bae65be681d45bb4155759a2a037d1b5527afb8f93731f97567aee8aa7a0
    pantry-tree:
      size: 9108
      sha256: b40277b1207eea907dcf96c9162131f1c0f22523525d804358957b4fe6924f91
  original:
    url: https://github.com/feuerbach/vector/archive/5f56cef682455299fad398da520822eb3176ef74.tar.gz
- completed:
    size: 242504
    subdir: packages/base
    url: https://github.com/feuerbach/hmatrix/archive/4fde082cbd6d9552c6ca35cd31df8eb2c82cd3f5.tar.gz
    name: hmatrix
    version: 0.20.0.0
    sha256: 8de844571141859bd84f81a62dddc712363dc247df9f8b3a1e876760520be4c5
    pantry-tree:
      size: 2277
      sha256: 7be46a19c80e7d60a92b760dda51970602d097e1137b9950e5b440e143041379
  original:
    subdir: packages/base
    url: https://github.com/feuerbach/hmatrix/archive/4fde082cbd6d9552c6ca35cd31df8eb2c82cd3f5.tar.gz
snapshots:
- completed:
    size: 536476
    url: https://raw.githubusercontent.com/commercialhaskell/stackage-snapshots/master/nightly/2020/10/9.yaml
    sha256: 244017ff19972abd1d9e7ab8ab86fd4e3d0ee8b58f5b6366e761c7e53def1797
  original: nightly-2020-10-09
